
Microsoft Visual Studio Solution File, Format Version 12.00
# Visual Studio Version 17
VisualStudioVersion = 17.5.33516.290
MinimumVisualStudioVersion = 10.0.40219.1
Project("{9A19103F-16F7-4668-BE54-9A1E7A4F7556}") = "MusicShop.ProductApi", "MusicShop.ProductApi\MusicShop.ProductApi.csproj", "{6999C1C1-363C-4336-B3FB-C70C9E77BB33}"
EndProject
Project("{9A19103F-16F7-4668-BE54-9A1E7A4F7556}") = "MusicShop.Front", "MusicShop.Front\MusicShop.Front.csproj", "{DD4BD761-C35F-48E9-8678-255A42D112FF}"
EndProject
Project("{2150E333-8FDC-42A3-9474-1A3956D46DE8}") = "FrontEnd", "FrontEnd", "{FCE6F89D-B1EB-4E18-B9C5-38A2BFC965A1}"
EndProject
Project("{2150E333-8FDC-42A3-9474-1A3956D46DE8}") = "Backend", "Backend", "{B673B918-2162-4671-97BF-5458A0936135}"
EndProject
Project("{9A19103F-16F7-4668-BE54-9A1E7A4F7556}") = "MusicShop.IdentityServer", "MusicShop.IdentityServer\MusicShop.IdentityServer.csproj", "{244D7571-3E3C-48A8-B13C-B909D7FDD0FA}"
EndProject
Project("{9A19103F-16F7-4668-BE54-9A1E7A4F7556}") = "MusicShop.CartApi", "MusicShop.CartApi\MusicShop.CartApi.csproj", "{5B232714-7C0A-430A-9F4A-44F11AA717A9}"
EndProject
Project("{2150E333-8FDC-42A3-9474-1A3956D46DE8}") = "UnitTest", "UnitTest", "{942B89E6-75BA-4A5D-8AAC-50CD6197E220}"
EndProject
Project("{2150E333-8FDC-42A3-9474-1A3956D46DE8}") = "ReviewSite", "ReviewSite", "{EB1ED32F-11A8-48F3-9BA4-FF91B2AA94D0}"
EndProject
Project("{2150E333-8FDC-42A3-9474-1A3956D46DE8}") = "ShopSite", "ShopSite", "{D67D494D-2D73-4C1A-A47D-5D5A0A1D5986}"
EndProject
Project("{2150E333-8FDC-42A3-9474-1A3956D46DE8}") = "BackEnd", "BackEnd", "{516B0397-F8E9-4E02-8E0D-341654C5A7D4}"
EndProject
Project("{2150E333-8FDC-42A3-9474-1A3956D46DE8}") = "FrontEnd", "FrontEnd", "{2CE9111E-CEB7-4850-A434-A62363837D95}"
EndProject
Project("{2150E333-8FDC-42A3-9474-1A3956D46DE8}") = "UnitTest", "UnitTest", "{7E8266DA-9EF8-429F-97CF-F43C7D1FFF2E}"
EndProject
Project("{FAE04EC0-301F-11D3-BF4B-00C04F79EFBC}") = "ReviewSite.ArtistaApi", "ReviewSite.ArtistaApi\ReviewSite.ArtistaApi.csproj", "{81C9FFE3-CB4F-48D8-864C-C4D494A435E0}"
EndProject
Global
	GlobalSection(SolutionConfigurationPlatforms) = preSolution
		Debug|Any CPU = Debug|Any CPU
		Release|Any CPU = Release|Any CPU
	EndGlobalSection
	GlobalSection(ProjectConfigurationPlatforms) = postSolution
		{6999C1C1-363C-4336-B3FB-C70C9E77BB33}.Debug|Any CPU.ActiveCfg = Debug|Any CPU
		{6999C1C1-363C-4336-B3FB-C70C9E77BB33}.Debug|Any CPU.Build.0 = Debug|Any CPU
		{6999C1C1-363C-4336-B3FB-C70C9E77BB33}.Release|Any CPU.ActiveCfg = Release|Any CPU
		{6999C1C1-363C-4336-B3FB-C70C9E77BB33}.Release|Any CPU.Build.0 = Release|Any CPU
		{DD4BD761-C35F-48E9-8678-255A42D112FF}.Debug|Any CPU.ActiveCfg = Debug|Any CPU
		{DD4BD761-C35F-48E9-8678-255A42D112FF}.Debug|Any CPU.Build.0 = Debug|Any CPU
		{DD4BD761-C35F-48E9-8678-255A42D112FF}.Release|Any CPU.ActiveCfg = Release|Any CPU
		{DD4BD761-C35F-48E9-8678-255A42D112FF}.Release|Any CPU.Build.0 = Release|Any CPU
		{244D7571-3E3C-48A8-B13C-B909D7FDD0FA}.Debug|Any CPU.ActiveCfg = Debug|Any CPU
		{244D7571-3E3C-48A8-B13C-B909D7FDD0FA}.Debug|Any CPU.Build.0 = Debug|Any CPU
		{244D7571-3E3C-48A8-B13C-B909D7FDD0FA}.Release|Any CPU.ActiveCfg = Release|Any CPU
		{244D7571-3E3C-48A8-B13C-B909D7FDD0FA}.Release|Any CPU.Build.0 = Release|Any CPU
		{5B232714-7C0A-430A-9F4A-44F11AA717A9}.Debug|Any CPU.ActiveCfg = Debug|Any CPU
		{5B232714-7C0A-430A-9F4A-44F11AA717A9}.Debug|Any CPU.Build.0 = Debug|Any CPU
		{5B232714-7C0A-430A-9F4A-44F11AA717A9}.Release|Any CPU.ActiveCfg = Release|Any CPU
		{5B232714-7C0A-430A-9F4A-44F11AA717A9}.Release|Any CPU.Build.0 = Release|Any CPU
		{81C9FFE3-CB4F-48D8-864C-C4D494A435E0}.Debug|Any CPU.ActiveCfg = Debug|Any CPU
		{81C9FFE3-CB4F-48D8-864C-C4D494A435E0}.Debug|Any CPU.Build.0 = Debug|Any CPU
		{81C9FFE3-CB4F-48D8-864C-C4D494A435E0}.Release|Any CPU.ActiveCfg = Release|Any CPU
		{81C9FFE3-CB4F-48D8-864C-C4D494A435E0}.Release|Any CPU.Build.0 = Release|Any CPU
	EndGlobalSection
	GlobalSection(SolutionProperties) = preSolution
		HideSolutionNode = FALSE
	EndGlobalSection
	GlobalSection(NestedProjects) = preSolution
		{6999C1C1-363C-4336-B3FB-C70C9E77BB33} = {B673B918-2162-4671-97BF-5458A0936135}
		{DD4BD761-C35F-48E9-8678-255A42D112FF} = {FCE6F89D-B1EB-4E18-B9C5-38A2BFC965A1}
		{FCE6F89D-B1EB-4E18-B9C5-38A2BFC965A1} = {D67D494D-2D73-4C1A-A47D-5D5A0A1D5986}
		{B673B918-2162-4671-97BF-5458A0936135} = {D67D494D-2D73-4C1A-A47D-5D5A0A1D5986}
		{244D7571-3E3C-48A8-B13C-B909D7FDD0FA} = {B673B918-2162-4671-97BF-5458A0936135}
		{5B232714-7C0A-430A-9F4A-44F11AA717A9} = {B673B918-2162-4671-97BF-5458A0936135}
		{942B89E6-75BA-4A5D-8AAC-50CD6197E220} = {D67D494D-2D73-4C1A-A47D-5D5A0A1D5986}
		{516B0397-F8E9-4E02-8E0D-341654C5A7D4} = {EB1ED32F-11A8-48F3-9BA4-FF91B2AA94D0}
		{2CE9111E-CEB7-4850-A434-A62363837D95} = {EB1ED32F-11A8-48F3-9BA4-FF91B2AA94D0}
		{7E8266DA-9EF8-429F-97CF-F43C7D1FFF2E} = {EB1ED32F-11A8-48F3-9BA4-FF91B2AA94D0}
		{81C9FFE3-CB4F-48D8-864C-C4D494A435E0} = {516B0397-F8E9-4E02-8E0D-341654C5A7D4}
	EndGlobalSection
	GlobalSection(ExtensibilityGlobals) = postSolution
		SolutionGuid = {3B41909D-2819-45AD-8566-B0E7B1557469}
	EndGlobalSection
EndGlobal
